
Microsoft Visual Studio Solution File, Format Version 12.00
# Visual Studio Version 17
VisualStudioVersion = 17.13.35931.197
MinimumVisualStudioVersion = 10.0.40219.1
Project("{FAE04EC0-301F-11D3-BF4B-00C04F79EFBC}") = "API_FINAL_PROJECT", "API_FINAL_PROJECT\API_FINAL_PROJECT.csproj", "{8A0A09CC-7827-4CF4-89DA-445F2C227524}"
EndProject
Project("{FAE04EC0-301F-11D3-BF4B-00C04F79EFBC}") = "Domain", "Domain\Domain.csproj", "{5BB43B16-D657-4C2C-B575-CFA22CFFCB55}"
EndProject
Global
	GlobalSection(SolutionConfigurationPlatforms) = preSolution
		Debug|Any CPU = Debug|Any CPU
		Release|Any CPU = Release|Any CPU
	EndGlobalSection
	GlobalSection(ProjectConfigurationPlatforms) = postSolution
		{8A0A09CC-7827-4CF4-89DA-445F2C227524}.Debug|Any CPU.ActiveCfg = Debug|Any CPU
		{8A0A09CC-7827-4CF4-89DA-445F2C227524}.Debug|Any CPU.Build.0 = Debug|Any CPU
		{8A0A09CC-7827-4CF4-89DA-445F2C227524}.Release|Any CPU.ActiveCfg = Release|Any CPU
		{8A0A09CC-7827-4CF4-89DA-445F2C227524}.Release|Any CPU.Build.0 = Release|Any CPU
		{5BB43B16-D657-4C2C-B575-CFA22CFFCB55}.Debug|Any CPU.ActiveCfg = Debug|Any CPU
		{5BB43B16-D657-4C2C-B575-CFA22CFFCB55}.Debug|Any CPU.Build.0 = Debug|Any CPU
		{5BB43B16-D657-4C2C-B575-CFA22CFFCB55}.Release|Any CPU.ActiveCfg = Release|Any CPU
		{5BB43B16-D657-4C2C-B575-CFA22CFFCB55}.Release|Any CPU.Build.0 = Release|Any CPU
	EndGlobalSection
	GlobalSection(SolutionProperties) = preSolution
		HideSolutionNode = FALSE
	EndGlobalSection
	GlobalSection(ExtensibilityGlobals) = postSolution
		SolutionGuid = {5794DFDD-39FF-4E22-81F2-87E2C07B17D3}
	EndGlobalSection
EndGlobal
